
Microsoft Visual Studio Solution File, Format Version 12.00
# Visual Studio Version 16
VisualStudioVersion = 16.0.28803.202
MinimumVisualStudioVersion = 10.0.40219.1
Project("{FAE04EC0-301F-11D3-BF4B-00C04F79EFBC}") = "DotNetCoreSoap", "DotNetCoreSoap\DotNetCoreSoap.csproj", "{1FAA7D6C-87E6-4E8F-ABC8-FDD4AE0C74E1}"
EndProject
Global
	GlobalSection(SolutionConfigurationPlatforms) = preSolution
		Debug|Any CPU = Debug|Any CPU
		Release|Any CPU = Release|Any CPU
	EndGlobalSection
	GlobalSection(ProjectConfigurationPlatforms) = postSolution
		{1FAA7D6C-87E6-4E8F-ABC8-FDD4AE0C74E1}.Debug|Any CPU.ActiveCfg = Debug|Any CPU
		{1FAA7D6C-87E6-4E8F-ABC8-FDD4AE0C74E1}.Debug|Any CPU.Build.0 = Debug|Any CPU
		{1FAA7D6C-87E6-4E8F-ABC8-FDD4AE0C74E1}.Release|Any CPU.ActiveCfg = Release|Any CPU
		{1FAA7D6C-87E6-4E8F-ABC8-FDD4AE0C74E1}.Release|Any CPU.Build.0 = Release|Any CPU
	EndGlobalSection
	GlobalSection(SolutionProperties) = preSolution
		HideSolutionNode = FALSE
	EndGlobalSection
	GlobalSection(ExtensibilityGlobals) = postSolution
		SolutionGuid = {0EDA8AA7-4C46-452E-80F8-0373902F10A3}
	EndGlobalSection
EndGlobal
